# THIS IS AN AUTOGENERATED FILE. DO NOT EDIT THIS FILE DIRECTLY.
# yarn lockfile v1


"@ant-design/colors@^6.0.0":
  version "6.0.0"
  resolved "https://registry.npmjs.org/@ant-design/colors/-/colors-6.0.0.tgz"
  integrity sha512-qAZRvPzfdWHtfameEGP2Qvuf838NhergR35o+EuVyB5XvSA98xod5r4utvi4TJ3ywmevm290g9nsCG5MryrdWQ==
  dependencies:
    "@ctrl/tinycolor" "^3.4.0"

"@ant-design/icons-svg@^4.2.1":
  version "4.2.1"
  resolved "https://registry.npmjs.org/@ant-design/icons-svg/-/icons-svg-4.2.1.tgz"
  integrity sha512-EB0iwlKDGpG93hW8f85CTJTs4SvMX7tt5ceupvhALp1IF44SeUFOMhKUOYqpsoYWQKAOuTRDMqn75rEaKDp0Xw==

"@ant-design/icons-vue@^6.1.0":
  version "6.1.0"
  resolved "https://registry.npmjs.org/@ant-design/icons-vue/-/icons-vue-6.1.0.tgz"
  integrity sha512-EX6bYm56V+ZrKN7+3MT/ubDkvJ5rK/O2t380WFRflDcVFgsvl3NLH7Wxeau6R8DbrO5jWR6DSTC3B6gYFp77AA==
  dependencies:
    "@ant-design/colors" "^6.0.0"
    "@ant-design/icons-svg" "^4.2.1"

"@babel/parser@^7.16.4":
  version "7.20.7"
  resolved "https://registry.npmmirror.com/@babel/parser/-/parser-7.20.7.tgz"
  integrity sha512-T3Z9oHybU+0vZlY9CiDSJQTD5ZapcW18ZctFMi0MOAl/4BjFF4ul7NVSARLdbGO5vDqy9eQiGTV0LtKfvCYvcg==

"@babel/runtime@^7.10.5":
  version "7.20.7"
  resolved "https://registry.npmjs.org/@babel/runtime/-/runtime-7.20.7.tgz"
  integrity sha512-UF0tvkUtxwAgZ5W/KrkHf0Rn0fdnLDU9ScxBrEVNUprE/MzirjK4MJUX1/BVDv00Sv8cljtukVK1aky++X1SjQ==
  dependencies:
    regenerator-runtime "^0.13.11"

"@ctrl/tinycolor@^3.4.0":
  version "3.5.0"
  resolved "https://registry.npmjs.org/@ctrl/tinycolor/-/tinycolor-3.5.0.tgz"
  integrity sha512-tlJpwF40DEQcfR/QF+wNMVyGMaO9FQp6Z1Wahj4Gk3CJQYHwA2xVG7iKDFdW6zuxZY9XWOpGcfNCTsX4McOsOg==

"@esbuild/android-arm64@0.16.13":
  version "0.16.13"
  resolved "https://registry.npmmirror.com/@esbuild/android-arm64/-/android-arm64-0.16.13.tgz#1fc9bfbff0bac558008b2ad7242db1c8024d8cfd"
  integrity sha512-r4xetsd1ez1NF9/9R2f9Q6AlxqiZLwUqo7ICOcvEVwopVkXUcspIjEbJk0EVTgT6Cp5+ymzGPT6YNV0ievx4yA==

"@esbuild/android-arm@0.16.13":
  version "0.16.13"
  resolved "https://registry.npmmirror.com/@esbuild/android-arm/-/android-arm-0.16.13.tgz#df3317286eed68c727daf39c2d585625f9c2f170"
  integrity sha512-JmtqThupn9Yf+FzANE+GG73ASUkssnPwOsndUElhp23685QzRK+MO1UompOlBaXV9D5FTuYcPnw7p4mCq2YbZQ==

"@esbuild/android-x64@0.16.13":
  version "0.16.13"
  resolved "https://registry.npmmirror.com/@esbuild/android-x64/-/android-x64-0.16.13.tgz#c34826c4bdc57c60cbfb8d5bbd2306a89225626a"
  integrity sha512-hKt1bFht/Vtp0xJ0ZVzFMnPy1y1ycmM3KNnp3zsyZfQmw7nhs2WLO4vxdR5YG+6RsHKCb2zbZ3VwlC0Tij0qyA==

"@esbuild/darwin-arm64@0.16.13":
  version "0.16.13"
  resolved "https://registry.npmmirror.com/@esbuild/darwin-arm64/-/darwin-arm64-0.16.13.tgz#0b80c8580c262ccfb1203053201cf19c6f7b4cdb"
  integrity sha512-ogrVuNi2URocrr3Ps20f075EMm9V7IeenOi9FRj4qdbT6mQlwLuP4l90PW2iBrKERx0oRkcZprEUNsz/3xd7ww==

"@esbuild/darwin-x64@0.16.13":
  version "0.16.13"
  resolved "https://registry.npmmirror.com/@esbuild/darwin-x64/-/darwin-x64-0.16.13.tgz#f1a6c9ea67d4eaaf4944e1cbceb800eabc6e7e74"
  integrity sha512-Agajik9SBGiKD7FPXE+ExW6x3MgA/dUdpZnXa9y1tyfE4lKQx+eQiknSdrBnWPeqa9wL0AOvkhghmYhpVkyqkA==

"@esbuild/freebsd-arm64@0.16.13":
  version "0.16.13"
  resolved "https://registry.npmmirror.com/@esbuild/freebsd-arm64/-/freebsd-arm64-0.16.13.tgz#d1a45ac5c4a1be566c4eefbadbe5a967288ad338"
  integrity sha512-KxMO3/XihBcHM+xQUM6nQZO1SgQuOsd1DCnKF1a4SIf/i5VD45vrqN3k8ePgFrEbMi7m5JeGmvNqwJXinF0a4Q==

"@esbuild/freebsd-x64@0.16.13":
  version "0.16.13"
  resolved "https://registry.npmmirror.com/@esbuild/freebsd-x64/-/freebsd-x64-0.16.13.tgz#ec64a31cabb08343bb4520a221324b40509dffc8"
  integrity sha512-Ez15oqV1vwvZ30cVLeBW14BsWq/fdWNQGMOxxqaSJVQVLqHhvgfQ7gxGDiN9tpJdeQhqJO+Q0r02/Tce5+USNg==

"@esbuild/linux-arm64@0.16.13":
  version "0.16.13"
  resolved "https://registry.npmmirror.com/@esbuild/linux-arm64/-/linux-arm64-0.16.13.tgz#e8db3c3751b32ecf801751424eae43f6863a2ee7"
  integrity sha512-qi5n7KwcGViyJeZeQnu8fB6dC3Mlm5PGaqSv2HhQDDx/MPvVfQGNMcv7zcBL4qk3FkuWhGVwXkjQ76x7R0PWlA==

"@esbuild/linux-arm@0.16.13":
  version "0.16.13"
  resolved "https://registry.npmmirror.com/@esbuild/linux-arm/-/linux-arm-0.16.13.tgz#ac0c8e9f3db8d418f588ae250e9c66ffdcf3cd82"
  integrity sha512-18dLd2L3mda+iFj6sswyBMSh2UwniamD9M4DwPv8VM+9apRFlQ5IGKxBdumnTuOI4NvwwAernmUseWhYQ9k+rg==

"@esbuild/linux-ia32@0.16.13":
  version "0.16.13"
  resolved "https://registry.npmmirror.com/@esbuild/linux-ia32/-/linux-ia32-0.16.13.tgz#41ee9bd3b7161ab681fab6cb3990a3f5c08a9940"
  integrity sha512-2489Xad9sr+6GD7nB913fUqpCsSwVwgskkQTq4Or2mZntSPYPebyJm8l1YruHo7oqYMTGV6RiwGE4gRo3H+EPQ==

"@esbuild/linux-loong64@0.16.13":
  version "0.16.13"
  resolved "https://registry.npmmirror.com/@esbuild/linux-loong64/-/linux-loong64-0.16.13.tgz#e4a832708e0b47078b91413edcfdb6af88c854a3"
  integrity sha512-x8KplRu9Y43Px8I9YS+sPBwQ+fw44Mvp2BPVADopKDWz+h3fcj1BvRU58kxb89WObmwKX9sWdtYzepL4Fmx03A==

"@esbuild/linux-mips64el@0.16.13":
  version "0.16.13"
  resolved "https://registry.npmmirror.com/@esbuild/linux-mips64el/-/linux-mips64el-0.16.13.tgz#30d8571b71e0b8bf25fc5ef11422221ed23cdacc"
  integrity sha512-qhhdWph9FLwD9rVVC/nUf7k2U4NZIA6/mGx0B7+O6PFV0GjmPA2E3zDQ4NUjq9P26E0DeAZy9akH9dYcUBRU7A==

"@esbuild/linux-ppc64@0.16.13":
  version "0.16.13"
  resolved "https://registry.npmmirror.com/@esbuild/linux-ppc64/-/linux-ppc64-0.16.13.tgz#32a3855d4b79ba1d2b63dab592cb9f0d4a9ba485"
  integrity sha512-cVWAPKsrRVxI1jCeJHnYSbE3BrEU+pZTZK2gfao9HRxuc+3m4+RLfs3EVEpGLmMKEcWfVCB9wZ3yNxnknutGKQ==

"@esbuild/linux-riscv64@0.16.13":
  version "0.16.13"
  resolved "https://registry.npmmirror.com/@esbuild/linux-riscv64/-/linux-riscv64-0.16.13.tgz#6139202858da8202724d7079102614c269524f34"
  integrity sha512-Agb7dbRyZWnmPn5Vvf0eyqaEUqSsaIUwwyInu2EoFTaIDRp093QU2M5alUyOooMLkRbD1WvqQNwx08Z/g+SAcQ==

"@esbuild/linux-s390x@0.16.13":
  version "0.16.13"
  resolved "https://registry.npmmirror.com/@esbuild/linux-s390x/-/linux-s390x-0.16.13.tgz#df3550a51e4155cde31486e01d8121f078e959ae"
  integrity sha512-AqRBIrc/+kl08ahliNG+EyU+j41wIzQfwBTKpi80cCDiYvYFPuXjvzZsD9muiu58Isj0RVni9VgC4xK/AnSW4g==

"@esbuild/linux-x64@0.16.13":
  version "0.16.13"
  resolved "https://registry.npmmirror.com/@esbuild/linux-x64/-/linux-x64-0.16.13.tgz#deb7951829ea5930e0d88440aeb5df0756ebb2d0"
  integrity sha512-S4wn2BimuhPcoArRtVrdHUKIymCCZcYAXQE47kUiX4yrUrEX2/ifn5eKNbZ5c1jJKUlh1gC2ESIN+iw3wQax3g==

"@esbuild/netbsd-x64@0.16.13":
  version "0.16.13"
  resolved "https://registry.npmmirror.com/@esbuild/netbsd-x64/-/netbsd-x64-0.16.13.tgz#8cba08074263862138cc5c63ad7f9640fe3faa69"
  integrity sha512-2c8JWgfUMlQHTdaR5X3xNMwqOyad8kgeCupuVkdm3QkUOzGREjlTETQsK6oHifocYzDCo9FeKcUwsK356SdR+g==

"@esbuild/openbsd-x64@0.16.13":
  version "0.16.13"
  resolved "https://registry.npmmirror.com/@esbuild/openbsd-x64/-/openbsd-x64-0.16.13.tgz#4ae19ac63c665424d248ba5c577618dd7bbcebd5"
  integrity sha512-Bwh+PmKD/LK+xBjqIpnYnKYj0fIyQJ0YpRxsn0F+WfzvQ2OA+GKDlf8AHosiCns26Q4Dje388jQVwfOBZ1GaFw==

"@esbuild/sunos-x64@0.16.13":
  version "0.16.13"
  resolved "https://registry.npmmirror.com/@esbuild/sunos-x64/-/sunos-x64-0.16.13.tgz#592caacab6b2c7669cd869b51f66dc354da03fc2"
  integrity sha512-8wwk6f9XGnhrF94/DBdFM4Xm1JeCyGTCj67r516VS9yvBVQf3Rar54L+XPVDs/oZOokwH+XsktrgkuTMAmjntg==

"@esbuild/win32-arm64@0.16.13":
  version "0.16.13"
  resolved "https://registry.npmmirror.com/@esbuild/win32-arm64/-/win32-arm64-0.16.13.tgz#965ebbe889e4221962250c55facaa1e48130c162"
  integrity sha512-Jmwbp/5ArLCiRAHC33ODfcrlIcbP/exXkOEUVkADNJC4e/so2jm+i8IQFvVX/lA2GWvK3GdgcN0VFfp9YITAbg==

"@esbuild/win32-ia32@0.16.13":
  version "0.16.13"
  resolved "https://registry.npmmirror.com/@esbuild/win32-ia32/-/win32-ia32-0.16.13.tgz#1b04965bcf340ba4879b452ac32df63216d4c87e"
  integrity sha512-AX6WjntGjhJHzrPSVvjMD7grxt41koHfAOx6lxLorrpDwwIKKPaGDASPZgvFIZHTbwhOtILW6vAXxYPDsKpDJA==

"@esbuild/win32-x64@0.16.13":
  version "0.16.13"
  resolved "https://registry.npmmirror.com/@esbuild/win32-x64/-/win32-x64-0.16.13.tgz"
  integrity sha512-A+U4gM6OOkPS03UgVU08GTpAAAxPsP/8Z4FmneGo4TaVSD99bK9gVJXlqUEPMO/htFXEAht2O6pX4ErtLY5tVg==

"@rollup/plugin-alias@^4.0.2":
  version "4.0.2"
  resolved "https://registry.npmmirror.com/@rollup/plugin-alias/-/plugin-alias-4.0.2.tgz#fec6c6aff8dd6fce580ae6bc5345084cd702bb62"
  integrity sha512-1hv7dBOZZwo3SEupxn4UA2N0EDThqSSS+wI1St1TNTBtOZvUchyIClyHcnDcjjrReTPZ47Faedrhblv4n+T5UQ==
  dependencies:
    slash "^4.0.0"

"@simonwep/pickr@~1.8.0":
  version "1.8.2"
  resolved "https://registry.npmjs.org/@simonwep/pickr/-/pickr-1.8.2.tgz"
  integrity sha512-/l5w8BIkrpP6n1xsetx9MWPWlU6OblN5YgZZphxan0Tq4BByTCETL6lyIeY8lagalS2Nbt4F2W034KHLIiunKA==
  dependencies:
    core-js "^3.15.1"
    nanopop "^2.1.0"

"@tauri-apps/api@^1.2.0":
  version "1.2.0"
  resolved "https://registry.npmmirror.com/@tauri-apps/api/-/api-1.2.0.tgz"
  integrity sha512-lsI54KI6HGf7VImuf/T9pnoejfgkNoXveP14pVV7XarrQ46rOejIVJLFqHI9sRReJMGdh2YuCoI3cc/yCWCsrw==

"@tauri-apps/cli-darwin-arm64@1.2.2":
  version "1.2.2"
  resolved "https://registry.npmmirror.com/@tauri-apps/cli-darwin-arm64/-/cli-darwin-arm64-1.2.2.tgz#f18b0689b399b64dc67da41c0fd4da474be324fe"
  integrity sha512-W+Cp2weUMlvmGkRJeUjypbz9Lpl6o98xkgKAtobZSum5SNwpsBQfawJTESakNoD+FXyVg/snIk5sRdHge+tAaA==

"@tauri-apps/cli-darwin-x64@1.2.2":
  version "1.2.2"
  resolved "https://registry.npmmirror.com/@tauri-apps/cli-darwin-x64/-/cli-darwin-x64-1.2.2.tgz#4450bd244f586da346651f62a5a41686cee36db7"
  integrity sha512-vmVAqt+ECH2d6cbcGJ7ddcCAZgmKe5xmxlL5r4xoaphu7OqU4gnv4VFURYkVltOfwzIFQVOPVSqwYyIDToCYNQ==

"@tauri-apps/cli-linux-arm-gnueabihf@1.2.2":
  version "1.2.2"
  resolved "https://registry.npmmirror.com/@tauri-apps/cli-linux-arm-gnueabihf/-/cli-linux-arm-gnueabihf-1.2.2.tgz#a4d5b95665620605fb0f54cb77f8134239b58370"
  integrity sha512-yYTdQurgi4QZR8z+fANjl522jdQz/VtesFpw+C/A0+zXg7tiRjicsywBDdPsvNzCqFeGKKkmTR+Lny5qxhGaeQ==

"@tauri-apps/cli-linux-arm64-gnu@1.2.2":
  version "1.2.2"
  resolved "https://registry.npmmirror.com/@tauri-apps/cli-linux-arm64-gnu/-/cli-linux-arm64-gnu-1.2.2.tgz#c992907586b42e2085160d45b3a17316c99febea"
  integrity sha512-ZSOVT6Eq1ay2+27B8KfA0MnpO7KYzONU6TjenH7DNcQki6eWGG5JoNu8QQ9Mdn3dAzY0XBP9i1ZHQOFu4iPtEg==

"@tauri-apps/cli-linux-arm64-musl@1.2.2":
  version "1.2.2"
  resolved "https://registry.npmmirror.com/@tauri-apps/cli-linux-arm64-musl/-/cli-linux-arm64-musl-1.2.2.tgz#f8bd7901ce525b8433919e2cfe7ec22aace0f776"
  integrity sha512-/NHSkqNQ+Pr4PshvyD1CeNFaPCaCpe1OeuAQgVi0rboSecC9fXN96G5dQbSBoxOUcCo6f8aTVE7zkZ4WchFVog==

"@tauri-apps/cli-linux-x64-gnu@1.2.2":
  version "1.2.2"
  resolved "https://registry.npmmirror.com/@tauri-apps/cli-linux-x64-gnu/-/cli-linux-x64-gnu-1.2.2.tgz#a558862d7101b0a641c5a994c9ee74edb8300fc5"
  integrity sha512-4YTmfPuyvlHsvCkATDMwhklfuQm3HKxYXv/IOW9H0ra6pS9efVhrFYIC9Vfv6XaKN85Vnn/FYTEGMJLwCxZw2Q==

"@tauri-apps/cli-linux-x64-musl@1.2.2":
  version "1.2.2"
  resolved "https://registry.npmmirror.com/@tauri-apps/cli-linux-x64-musl/-/cli-linux-x64-musl-1.2.2.tgz#573e965a638864a65b606783d3dbd34114939277"
  integrity sha512-wr46tbscwFuCcA931R+ItOiUTT0djMmgKLd1HFCmFF82V9BKE2reIjr6O9l0NCXCo2WeD4pe3jA/Pt1dxDu+JA==

"@tauri-apps/cli-win32-ia32-msvc@1.2.2":
  version "1.2.2"
  resolved "https://registry.npmmirror.com/@tauri-apps/cli-win32-ia32-msvc/-/cli-win32-ia32-msvc-1.2.2.tgz#0fe38283ffeb71acac6a6a317951dc75ec2d3dad"
  integrity sha512-6VmbVJOWUZJK5/JKhb3mNFKrKGfq0KV7lJGumfN95WJgkHeyL61p8bZit+o6ZgUGUhrOabkAawhDkrRY+ZQhIw==

"@tauri-apps/cli-win32-x64-msvc@1.2.2":
  version "1.2.2"
  resolved "https://registry.npmmirror.com/@tauri-apps/cli-win32-x64-msvc/-/cli-win32-x64-msvc-1.2.2.tgz"
  integrity sha512-YRPJguJma+zSuRZpFoSZqls6+laggG1vqG0FPQWQTi+ywATgMpai2b2RZnffDlpHKp9mt4V/s2dtqOy6bpGZHg==

"@tauri-apps/cli@^1.2.2":
  version "1.2.2"
  resolved "https://registry.npmmirror.com/@tauri-apps/cli/-/cli-1.2.2.tgz"
  integrity sha512-D8zib3A0vWCvPPSyYLxww/OdDlVcY7fpcDVBH6qUvheOjj2aCyU7H9AYMRBwpgCfz8zY5+vomee+laLeB0H13w==
  optionalDependencies:
    "@tauri-apps/cli-darwin-arm64" "1.2.2"
    "@tauri-apps/cli-darwin-x64" "1.2.2"
    "@tauri-apps/cli-linux-arm-gnueabihf" "1.2.2"
    "@tauri-apps/cli-linux-arm64-gnu" "1.2.2"
    "@tauri-apps/cli-linux-arm64-musl" "1.2.2"
    "@tauri-apps/cli-linux-x64-gnu" "1.2.2"
    "@tauri-apps/cli-linux-x64-musl" "1.2.2"
    "@tauri-apps/cli-win32-ia32-msvc" "1.2.2"
    "@tauri-apps/cli-win32-x64-msvc" "1.2.2"

"@types/node@^18.7.10":
  version "18.11.18"
  resolved "https://registry.npmmirror.com/@types/node/-/node-18.11.18.tgz"
  integrity sha512-DHQpWGjyQKSHj3ebjFI/wRKcqQcdR+MoFBygntYOZytCqNfkd2ZC4ARDJ2DQqhjH5p85Nnd3jhUJIXrszFX/JA==

"@vitejs/plugin-vue@^4.0.0":
  version "4.0.0"
  resolved "https://registry.npmmirror.com/@vitejs/plugin-vue/-/plugin-vue-4.0.0.tgz"
  integrity sha512-e0X4jErIxAB5oLtDqbHvHpJe/uWNkdpYV83AOG2xo2tEVSzCzewgJMtREZM30wXnM5ls90hxiOtAuVU6H5JgbA==

"@volar/language-core@1.0.20":
  version "1.0.20"
  resolved "https://registry.npmmirror.com/@volar/language-core/-/language-core-1.0.20.tgz"
  integrity sha512-FU6TC+xQDLkBmp226NTeZ454MTb8VFLga6CIzWP+TsxuxGwB9Exvzof9TKpilIhTdF4IGVJJ4X1aCP6ycnLMbg==
  dependencies:
    "@volar/source-map" "1.0.20"
    muggle-string "^0.1.0"

"@volar/source-map@1.0.20":
  version "1.0.20"
  resolved "https://registry.npmmirror.com/@volar/source-map/-/source-map-1.0.20.tgz"
  integrity sha512-6wwrvAjuy7HepvHW7CqCw5b57YIFrj9mcfJvjic1WCX9TqjnXAcuHFqiUPid7EdZ4SCRKCYQbWmWreThYbHaZw==
  dependencies:
    muggle-string "^0.1.0"

"@volar/typescript@1.0.20":
  version "1.0.20"
  resolved "https://registry.npmmirror.com/@volar/typescript/-/typescript-1.0.20.tgz"
  integrity sha512-98D2+rC4igqPL7emqIf0NtIx3UYXZ8xqILiP/ihwP7G2T4oyoGr2vKEOwo49sUzvgUvQl2AI5p8ZQ71mFJfP7w==
  dependencies:
    "@volar/language-core" "1.0.20"

"@volar/vue-language-core@1.0.20":
  version "1.0.20"
  resolved "https://registry.npmmirror.com/@volar/vue-language-core/-/vue-language-core-1.0.20.tgz"
  integrity sha512-Zz6yuxtA6BG6YU8KPwV4qhO5kh3e2Et6+YOu0QC43SiDgjIw2Vzzi+qAqm8UYofg9UBn82OArO1L+VrZPCCK8A==
  dependencies:
    "@volar/language-core" "1.0.20"
    "@volar/source-map" "1.0.20"
    "@vue/compiler-dom" "^3.2.45"
    "@vue/compiler-sfc" "^3.2.45"
    "@vue/reactivity" "^3.2.45"
    "@vue/shared" "^3.2.45"
    minimatch "^5.1.1"
    vue-template-compiler "^2.7.14"

"@volar/vue-typescript@1.0.20":
  version "1.0.20"
  resolved "https://registry.npmmirror.com/@volar/vue-typescript/-/vue-typescript-1.0.20.tgz"
  integrity sha512-FxucnAIZc503CfkdEGmUSw8EQfT31gi0DST7YmCNBK3cWOqJTF7UaHaBDpejnYGbsB568KZQbWTLNSpid5S/lA==
  dependencies:
    "@volar/typescript" "1.0.20"
    "@volar/vue-language-core" "1.0.20"

"@vue/compiler-core@3.2.45":
  version "3.2.45"
  resolved "https://registry.npmmirror.com/@vue/compiler-core/-/compiler-core-3.2.45.tgz"
  integrity sha512-rcMj7H+PYe5wBV3iYeUgbCglC+pbpN8hBLTJvRiK2eKQiWqu+fG9F+8sW99JdL4LQi7Re178UOxn09puSXvn4A==
  dependencies:
    "@babel/parser" "^7.16.4"
    "@vue/shared" "3.2.45"
    estree-walker "^2.0.2"
    source-map "^0.6.1"

"@vue/compiler-dom@3.2.45", "@vue/compiler-dom@^3.2.45":
  version "3.2.45"
  resolved "https://registry.npmmirror.com/@vue/compiler-dom/-/compiler-dom-3.2.45.tgz"
  integrity sha512-tyYeUEuKqqZO137WrZkpwfPCdiiIeXYCcJ8L4gWz9vqaxzIQRccTSwSWZ/Axx5YR2z+LvpUbmPNXxuBU45lyRw==
  dependencies:
    "@vue/compiler-core" "3.2.45"
    "@vue/shared" "3.2.45"

"@vue/compiler-sfc@3.2.45", "@vue/compiler-sfc@^3.2.45":
  version "3.2.45"
  resolved "https://registry.npmmirror.com/@vue/compiler-sfc/-/compiler-sfc-3.2.45.tgz"
  integrity sha512-1jXDuWah1ggsnSAOGsec8cFjT/K6TMZ0sPL3o3d84Ft2AYZi2jWJgRMjw4iaK0rBfA89L5gw427H4n1RZQBu6Q==
  dependencies:
    "@babel/parser" "^7.16.4"
    "@vue/compiler-core" "3.2.45"
    "@vue/compiler-dom" "3.2.45"
    "@vue/compiler-ssr" "3.2.45"
    "@vue/reactivity-transform" "3.2.45"
    "@vue/shared" "3.2.45"
    estree-walker "^2.0.2"
    magic-string "^0.25.7"
    postcss "^8.1.10"
    source-map "^0.6.1"

"@vue/compiler-ssr@3.2.45":
  version "3.2.45"
  resolved "https://registry.npmmirror.com/@vue/compiler-ssr/-/compiler-ssr-3.2.45.tgz"
  integrity sha512-6BRaggEGqhWht3lt24CrIbQSRD5O07MTmd+LjAn5fJj568+R9eUD2F7wMQJjX859seSlrYog7sUtrZSd7feqrQ==
  dependencies:
    "@vue/compiler-dom" "3.2.45"
    "@vue/shared" "3.2.45"

"@vue/devtools-api@^6.4.5":
  version "6.4.5"
  resolved "https://registry.npmmirror.com/@vue/devtools-api/-/devtools-api-6.4.5.tgz"
  integrity sha512-JD5fcdIuFxU4fQyXUu3w2KpAJHzTVdN+p4iOX2lMWSHMOoQdMAcpFLZzm9Z/2nmsoZ1a96QEhZ26e50xLBsgOQ==

"@vue/reactivity-transform@3.2.45":
  version "3.2.45"
  resolved "https://registry.npmmirror.com/@vue/reactivity-transform/-/reactivity-transform-3.2.45.tgz"
  integrity sha512-BHVmzYAvM7vcU5WmuYqXpwaBHjsS8T63jlKGWVtHxAHIoMIlmaMyurUSEs1Zcg46M4AYT5MtB1U274/2aNzjJQ==
  dependencies:
    "@babel/parser" "^7.16.4"
    "@vue/compiler-core" "3.2.45"
    "@vue/shared" "3.2.45"
    estree-walker "^2.0.2"
    magic-string "^0.25.7"

"@vue/reactivity@3.2.45", "@vue/reactivity@^3.2.45":
  version "3.2.45"
  resolved "https://registry.npmmirror.com/@vue/reactivity/-/reactivity-3.2.45.tgz"
  integrity sha512-PRvhCcQcyEVohW0P8iQ7HDcIOXRjZfAsOds3N99X/Dzewy8TVhTCT4uXpAHfoKjVTJRA0O0K+6QNkDIZAxNi3A==
  dependencies:
    "@vue/shared" "3.2.45"

"@vue/runtime-core@3.2.45":
  version "3.2.45"
  resolved "https://registry.npmmirror.com/@vue/runtime-core/-/runtime-core-3.2.45.tgz"
  integrity sha512-gzJiTA3f74cgARptqzYswmoQx0fIA+gGYBfokYVhF8YSXjWTUA2SngRzZRku2HbGbjzB6LBYSbKGIaK8IW+s0A==
  dependencies:
    "@vue/reactivity" "3.2.45"
    "@vue/shared" "3.2.45"

"@vue/runtime-dom@3.2.45":
  version "3.2.45"
  resolved "https://registry.npmmirror.com/@vue/runtime-dom/-/runtime-dom-3.2.45.tgz"
  integrity sha512-cy88YpfP5Ue2bDBbj75Cb4bIEZUMM/mAkDMfqDTpUYVgTf/kuQ2VQ8LebuZ8k6EudgH8pYhsGWHlY0lcxlvTwA==
  dependencies:
    "@vue/runtime-core" "3.2.45"
    "@vue/shared" "3.2.45"
    csstype "^2.6.8"

"@vue/server-renderer@3.2.45":
  version "3.2.45"
  resolved "https://registry.npmmirror.com/@vue/server-renderer/-/server-renderer-3.2.45.tgz"
  integrity sha512-ebiMq7q24WBU1D6uhPK//2OTR1iRIyxjF5iVq/1a5I1SDMDyDu4Ts6fJaMnjrvD3MqnaiFkKQj+LKAgz5WIK3g==
  dependencies:
    "@vue/compiler-ssr" "3.2.45"
    "@vue/shared" "3.2.45"

"@vue/shared@3.2.45", "@vue/shared@^3.2.45":
  version "3.2.45"
  resolved "https://registry.npmmirror.com/@vue/shared/-/shared-3.2.45.tgz"
  integrity sha512-Ewzq5Yhimg7pSztDV+RH1UDKBzmtqieXQlpTVm2AwraoRL/Rks96mvd8Vgi7Lj+h+TH8dv7mXD3FRZR3TUvbSg==

ant-design-vue@^3.2.15:
  version "3.2.15"
  resolved "https://registry.npmjs.org/ant-design-vue/-/ant-design-vue-3.2.15.tgz"
  integrity sha512-sJfE7LWimSdAPe4dzNyQBrmVMnOTNQTkG9oOyr+7W8qIYrX8sYWyC68Nn1uum4KBJUSZUa/BU6dohvTG0urBhA==
  dependencies:
    "@ant-design/colors" "^6.0.0"
    "@ant-design/icons-vue" "^6.1.0"
    "@babel/runtime" "^7.10.5"
    "@ctrl/tinycolor" "^3.4.0"
    "@simonwep/pickr" "~1.8.0"
    array-tree-filter "^2.1.0"
    async-validator "^4.0.0"
    dayjs "^1.10.5"
    dom-align "^1.12.1"
    dom-scroll-into-view "^2.0.0"
    lodash "^4.17.21"
    lodash-es "^4.17.15"
    resize-observer-polyfill "^1.5.1"
    scroll-into-view-if-needed "^2.2.25"
    shallow-equal "^1.0.0"
    vue-types "^3.0.0"
    warning "^4.0.0"

array-tree-filter@^2.1.0:
  version "2.1.0"
  resolved "https://registry.npmjs.org/array-tree-filter/-/array-tree-filter-2.1.0.tgz"
  integrity sha512-4ROwICNlNw/Hqa9v+rk5h22KjmzB1JGTMVKP2AKJBOCgb0yL0ASf0+YvCcLNNwquOHNX48jkeZIJ3a+oOQqKcw==

async-validator@^4.0.0:
  version "4.2.5"
  resolved "https://registry.npmjs.org/async-validator/-/async-validator-4.2.5.tgz"
  integrity sha512-7HhHjtERjqlNbZtqNqy2rckN/SpOOlmDliet+lP7k+eKZEjPk3DgyeU9lIXLdeLz0uBbbVp+9Qdow9wJWgwwfg==

balanced-match@^1.0.0:
  version "1.0.2"
  resolved "https://registry.npmmirror.com/balanced-match/-/balanced-match-1.0.2.tgz"
  integrity sha512-3oSeUO0TMV67hN1AmbXsK4yaqU7tjiHlbxRDZOpH0KW9+CeX4bRAaX0Anxt0tx2MrpRpWwQaPwIlISEJhYU5Pw==

brace-expansion@^2.0.1:
  version "2.0.1"
  resolved "https://registry.npmmirror.com/brace-expansion/-/brace-expansion-2.0.1.tgz"
  integrity sha512-XnAIvQ8eM+kC6aULx6wuQiwVsnzsi9d3WxzV3FpWTGA19F621kwdbsAcFKXgKUHZWsy+mY6iL1sHTxWEFCytDA==
  dependencies:
    balanced-match "^1.0.0"

compute-scroll-into-view@^1.0.20:
  version "1.0.20"
  resolved "https://registry.npmjs.org/compute-scroll-into-view/-/compute-scroll-into-view-1.0.20.tgz"
  integrity sha512-UCB0ioiyj8CRjtrvaceBLqqhZCVP+1B8+NWQhmdsm0VXOJtobBCf1dBQmebCCo34qZmUwZfIH2MZLqNHazrfjg==

core-js@^3.15.1:
  version "3.27.1"
  resolved "https://registry.npmjs.org/core-js/-/core-js-3.27.1.tgz"
  integrity sha512-GutwJLBChfGCpwwhbYoqfv03LAfmiz7e7D/BNxzeMxwQf10GRSzqiOjx7AmtEk+heiD/JWmBuyBPgFtx0Sg1ww==

csstype@^2.6.8:
  version "2.6.21"
  resolved "https://registry.npmmirror.com/csstype/-/csstype-2.6.21.tgz"
  integrity sha512-Z1PhmomIfypOpoMjRQB70jfvy/wxT50qW08YXO5lMIJkrdq4yOTR+AW7FqutScmB9NkLwxo+jU+kZLbofZZq/w==

dayjs@^1.10.5:
  version "1.11.7"
  resolved "https://registry.npmjs.org/dayjs/-/dayjs-1.11.7.tgz"
  integrity sha512-+Yw9U6YO5TQohxLcIkrXBeY73WP3ejHWVvx8XCk3gxvQDCTEmS48ZrSZCKciI7Bhl/uCMyxYtE9UqRILmFphkQ==

de-indent@^1.0.2:
  version "1.0.2"
  resolved "https://registry.npmmirror.com/de-indent/-/de-indent-1.0.2.tgz"
  integrity sha512-e/1zu3xH5MQryN2zdVaF0OrdNLUbvWxzMbi+iNA6Bky7l1RoP8a2fIbRocyHclXt/arDrrR6lL3TqFD9pMQTsg==

dom-align@^1.12.1:
  version "1.12.4"
  resolved "https://registry.npmjs.org/dom-align/-/dom-align-1.12.4.tgz"
  integrity sha512-R8LUSEay/68zE5c8/3BDxiTEvgb4xZTF0RKmAHfiEVN3klfIpXfi2/QCoiWPccVQ0J/ZGdz9OjzL4uJEP/MRAw==

dom-scroll-into-view@^2.0.0:
  version "2.0.1"
  resolved "https://registry.npmjs.org/dom-scroll-into-view/-/dom-scroll-into-view-2.0.1.tgz"
  integrity sha512-bvVTQe1lfaUr1oFzZX80ce9KLDlZ3iU+XGNE/bz9HnGdklTieqsbmsLHe+rT2XWqopvL0PckkYqN7ksmm5pe3w==

esbuild@^0.16.3:
  version "0.16.13"
  resolved "https://registry.npmmirror.com/esbuild/-/esbuild-0.16.13.tgz"
  integrity sha512-oYwFdSEIoKM1oYzyem1osgKJAvg5447XF+05ava21fOtilyb2HeQQh26/74K4WeAk5dZmj/Mx10zUqUnI14jhA==
  optionalDependencies:
    "@esbuild/android-arm" "0.16.13"
    "@esbuild/android-arm64" "0.16.13"
    "@esbuild/android-x64" "0.16.13"
    "@esbuild/darwin-arm64" "0.16.13"
    "@esbuild/darwin-x64" "0.16.13"
    "@esbuild/freebsd-arm64" "0.16.13"
    "@esbuild/freebsd-x64" "0.16.13"
    "@esbuild/linux-arm" "0.16.13"
    "@esbuild/linux-arm64" "0.16.13"
    "@esbuild/linux-ia32" "0.16.13"
    "@esbuild/linux-loong64" "0.16.13"
    "@esbuild/linux-mips64el" "0.16.13"
    "@esbuild/linux-ppc64" "0.16.13"
    "@esbuild/linux-riscv64" "0.16.13"
    "@esbuild/linux-s390x" "0.16.13"
    "@esbuild/linux-x64" "0.16.13"
    "@esbuild/netbsd-x64" "0.16.13"
    "@esbuild/openbsd-x64" "0.16.13"
    "@esbuild/sunos-x64" "0.16.13"
    "@esbuild/win32-arm64" "0.16.13"
    "@esbuild/win32-ia32" "0.16.13"
    "@esbuild/win32-x64" "0.16.13"

estree-walker@^2.0.2:
  version "2.0.2"
  resolved "https://registry.npmmirror.com/estree-walker/-/estree-walker-2.0.2.tgz"
  integrity sha512-Rfkk/Mp/DL7JVje3u18FxFujQlTNR2q6QfMSMB7AvCBx91NGj/ba3kCfza0f6dVDbw7YlRf/nDrn7pQrCCyQ/w==

fsevents@~2.3.2:
  version "2.3.2"
  resolved "https://registry.npmmirror.com/fsevents/-/fsevents-2.3.2.tgz#8a526f78b8fdf4623b709e0b975c52c24c02fd1a"
  integrity sha512-xiqMQR4xAeHTuB9uWm+fFRcIOgKBMiOBP+eXiyT7jsgVCq1bkVygt00oASowB7EdtpOHaaPgKt812P9ab+DDKA==

function-bind@^1.1.1:
  version "1.1.1"
  resolved "https://registry.npmmirror.com/function-bind/-/function-bind-1.1.1.tgz"
  integrity sha512-yIovAzMX49sF8Yl58fSCWJ5svSLuaibPxXQJFLmBObTuCr0Mf1KiPopGM9NiFjiYBCbfaa2Fh6breQ6ANVTI0A==

has@^1.0.3:
  version "1.0.3"
  resolved "https://registry.npmmirror.com/has/-/has-1.0.3.tgz"
  integrity sha512-f2dvO0VU6Oej7RkWJGrehjbzMAjFp5/VKPp5tTpWIV4JHHZK1/BxbFRtf/siA2SWTe09caDmVtYYzWEIbBS4zw==
  dependencies:
    function-bind "^1.1.1"

he@^1.2.0:
  version "1.2.0"
  resolved "https://registry.npmmirror.com/he/-/he-1.2.0.tgz"
  integrity sha512-F/1DnUGPopORZi0ni+CvrCgHQ5FyEAHRLSApuYWMmrbSwoN2Mn/7k+Gl38gJnR7yyDZk6WLXwiGod1JOWNDKGw==

is-core-module@^2.9.0:
  version "2.11.0"
  resolved "https://registry.npmmirror.com/is-core-module/-/is-core-module-2.11.0.tgz"
  integrity sha512-RRjxlvLDkD1YJwDbroBHMb+cukurkDWNyHx7D3oNB5x9rb5ogcksMC5wHCadcXoo67gVr/+3GFySh3134zi6rw==
  dependencies:
    has "^1.0.3"

is-plain-object@3.0.1:
  version "3.0.1"
  resolved "https://registry.npmjs.org/is-plain-object/-/is-plain-object-3.0.1.tgz"
  integrity sha512-Xnpx182SBMrr/aBik8y+GuR4U1L9FqMSojwDQwPMmxyC6bvEqly9UBCxhauBF5vNh2gwWJNX6oDV7O+OM4z34g==

"js-tokens@^3.0.0 || ^4.0.0":
  version "4.0.0"
  resolved "https://registry.npmjs.org/js-tokens/-/js-tokens-4.0.0.tgz"
  integrity sha512-RdJUflcE3cUzKiMqQgsCu06FPu9UdIJO0beYbPhHN4k6apgJtifcoCtT9bcxOpYBtpD2kCM6Sbzg4CausW/PKQ==

lodash-es@^4.17.15:
  version "4.17.21"
  resolved "https://registry.npmjs.org/lodash-es/-/lodash-es-4.17.21.tgz"
  integrity sha512-mKnC+QJ9pWVzv+C4/U3rRsHapFfHvQFoFB92e52xeyGMcX6/OlIl78je1u8vePzYZSkkogMPJ2yjxxsb89cxyw==

lodash@^4.17.21:
  version "4.17.21"
  resolved "https://registry.npmjs.org/lodash/-/lodash-4.17.21.tgz"
  integrity sha512-v2kDEe57lecTulaDIuNTPy3Ry4gLGJ6Z1O3vE1krgXZNrsQ+LFTGHVxVjcXPs17LhbZVGedAJv8XZ1tvj5FvSg==

loose-envify@^1.0.0:
  version "1.4.0"
  resolved "https://registry.npmjs.org/loose-envify/-/loose-envify-1.4.0.tgz"
  integrity sha512-lyuxPGr/Wfhrlem2CL/UcnUc1zcqKAImBDzukY7Y5F/yQiNdko6+fRLevlw1HgMySw7f611UIY408EtxRSoK3Q==
  dependencies:
    js-tokens "^3.0.0 || ^4.0.0"

magic-string@^0.25.7:
  version "0.25.9"
  resolved "https://registry.npmmirror.com/magic-string/-/magic-string-0.25.9.tgz"
  integrity sha512-RmF0AsMzgt25qzqqLc1+MbHmhdx0ojF2Fvs4XnOqz2ZOBXzzkEwc/dJQZCYHAn7v1jbVOjAZfK8msRn4BxO4VQ==
  dependencies:
    sourcemap-codec "^1.4.8"

minimatch@^5.1.1:
  version "5.1.2"
  resolved "https://registry.npmmirror.com/minimatch/-/minimatch-5.1.2.tgz"
  integrity sha512-bNH9mmM9qsJ2X4r2Nat1B//1dJVcn3+iBLa3IgqJ7EbGaDNepL9QSHOxN4ng33s52VMMhhIfgCYDk3C4ZmlDAg==
  dependencies:
    brace-expansion "^2.0.1"

muggle-string@^0.1.0:
  version "0.1.0"
  resolved "https://registry.npmmirror.com/muggle-string/-/muggle-string-0.1.0.tgz"
  integrity sha512-Tr1knR3d2mKvvWthlk7202rywKbiOm4rVFLsfAaSIhJ6dt9o47W4S+JMtWhd/PW9Wrdew2/S2fSvhz3E2gkfEg==

nanoid@^3.3.4:
  version "3.3.4"
  resolved "https://registry.npmmirror.com/nanoid/-/nanoid-3.3.4.tgz"
  integrity sha512-MqBkQh/OHTS2egovRtLk45wEyNXwF+cokD+1YPf9u5VfJiRdAiRwB2froX5Co9Rh20xs4siNPm8naNotSD6RBw==

nanopop@^2.1.0:
  version "2.2.0"
  resolved "https://registry.npmjs.org/nanopop/-/nanopop-2.2.0.tgz"
  integrity sha512-E9JaHcxh3ere8/BEZHAcnuD10RluTSPyTToBvoFWS9/7DcCx6gyKjbn7M7Bx7E1veCxCuY1iO6h4+gdAf1j73Q==

path-parse@^1.0.7:
  version "1.0.7"
  resolved "https://registry.npmmirror.com/path-parse/-/path-parse-1.0.7.tgz"
  integrity sha512-LDJzPVEEEPR+y48z93A0Ed0yXb8pAByGWo/k5YYdYgpY2/2EsOsksJrq7lOHxryrVOn1ejG6oAp8ahvOIQD8sw==

picocolors@^1.0.0:
  version "1.0.0"
  resolved "https://registry.npmmirror.com/picocolors/-/picocolors-1.0.0.tgz"
  integrity sha512-1fygroTLlHu66zi26VoTDv8yRgm0Fccecssto+MhsZ0D/DGW2sm8E8AjW7NU5VVTRt5GxbeZ5qBuJr+HyLYkjQ==

postcss@^8.1.10, postcss@^8.4.20:
  version "8.4.20"
  resolved "https://registry.npmmirror.com/postcss/-/postcss-8.4.20.tgz"
  integrity sha512-6Q04AXR1212bXr5fh03u8aAwbLxAQNGQ/Q1LNa0VfOI06ZAlhPHtQvE4OIdpj4kLThXilalPnmDSOD65DcHt+g==
  dependencies:
    nanoid "^3.3.4"
    picocolors "^1.0.0"
    source-map-js "^1.0.2"

regenerator-runtime@^0.13.11:
  version "0.13.11"
  resolved "https://registry.npmjs.org/regenerator-runtime/-/regenerator-runtime-0.13.11.tgz"
  integrity sha512-kY1AZVr2Ra+t+piVaJ4gxaFaReZVH40AKNo7UCX6W+dEwBo/2oZJzqfuN1qLq1oL45o56cPaTXELwrTh8Fpggg==

resize-observer-polyfill@^1.5.1:
  version "1.5.1"
  resolved "https://registry.npmjs.org/resize-observer-polyfill/-/resize-observer-polyfill-1.5.1.tgz"
  integrity sha512-LwZrotdHOo12nQuZlHEmtuXdqGoOD0OhaxopaNFxWzInpEgaLWoVuAMbTzixuosCx2nEG58ngzW3vxdWoxIgdg==

resolve@^1.22.1:
  version "1.22.1"
  resolved "https://registry.npmmirror.com/resolve/-/resolve-1.22.1.tgz"
  integrity sha512-nBpuuYuY5jFsli/JIs1oldw6fOQCBioohqWZg/2hiaOybXOft4lonv85uDOKXdf8rhyK159cxU5cDcK/NKk8zw==
  dependencies:
    is-core-module "^2.9.0"
    path-parse "^1.0.7"
    supports-preserve-symlinks-flag "^1.0.0"

rollup@^3.7.0:
  version "3.9.1"
  resolved "https://registry.npmmirror.com/rollup/-/rollup-3.9.1.tgz"
  integrity sha512-GswCYHXftN8ZKGVgQhTFUJB/NBXxrRGgO2NCy6E8s1rwEJ4Q9/VttNqcYfEvx4dTo4j58YqdC3OVztPzlKSX8w==
  optionalDependencies:
    fsevents "~2.3.2"

scroll-into-view-if-needed@^2.2.25:
  version "2.2.31"
  resolved "https://registry.npmjs.org/scroll-into-view-if-needed/-/scroll-into-view-if-needed-2.2.31.tgz"
  integrity sha512-dGCXy99wZQivjmjIqihaBQNjryrz5rueJY7eHfTdyWEiR4ttYpsajb14rn9s5d4DY4EcY6+4+U/maARBXJedkA==
  dependencies:
    compute-scroll-into-view "^1.0.20"

shallow-equal@^1.0.0:
  version "1.2.1"
  resolved "https://registry.npmjs.org/shallow-equal/-/shallow-equal-1.2.1.tgz"
  integrity sha512-S4vJDjHHMBaiZuT9NPb616CSmLf618jawtv3sufLl6ivK8WocjAo58cXwbRV1cgqxH0Qbv+iUt6m05eqEa2IRA==

slash@^4.0.0:
  version "4.0.0"
  resolved "https://registry.npmmirror.com/slash/-/slash-4.0.0.tgz#2422372176c4c6c5addb5e2ada885af984b396a7"
  integrity sha512-3dOsAHXXUkQTpOYcoAxLIorMTp4gIQr5IW3iVb7A7lFIp0VHhnynm9izx6TssdrIcVIESAlVjtnO2K8bg+Coew==

source-map-js@^1.0.2:
  version "1.0.2"
  resolved "https://registry.npmmirror.com/source-map-js/-/source-map-js-1.0.2.tgz"
  integrity sha512-R0XvVJ9WusLiqTCEiGCmICCMplcCkIwwR11mOSD9CR5u+IXYdiseeEuXCVAjS54zqwkLcPNnmU4OeJ6tUrWhDw==

source-map@^0.6.1:
  version "0.6.1"
  resolved "https://registry.npmmirror.com/source-map/-/source-map-0.6.1.tgz"
  integrity sha512-UjgapumWlbMhkBgzT7Ykc5YXUT46F0iKu8SGXq0bcwP5dz/h0Plj6enJqjz1Zbq2l5WaqYnrVbwWOWMyF3F47g==

sourcemap-codec@^1.4.8:
  version "1.4.8"
  resolved "https://registry.npmmirror.com/sourcemap-codec/-/sourcemap-codec-1.4.8.tgz"
  integrity sha512-9NykojV5Uih4lgo5So5dtw+f0JgJX30KCNI8gwhz2J9A15wD0Ml6tjHKwf6fTSa6fAdVBdZeNOs9eJ71qCk8vA==

supports-preserve-symlinks-flag@^1.0.0:
  version "1.0.0"
  resolved "https://registry.npmmirror.com/supports-preserve-symlinks-flag/-/supports-preserve-symlinks-flag-1.0.0.tgz"
  integrity sha512-ot0WnXS9fgdkgIcePe6RHNk1WA8+muPa6cSjeR3V8K27q9BB1rTE3R1p7Hv0z1ZyAc8s6Vvv8DIyWf681MAt0w==

typescript@^4.6.4:
  version "4.9.4"
  resolved "https://registry.npmmirror.com/typescript/-/typescript-4.9.4.tgz"
  integrity sha512-Uz+dTXYzxXXbsFpM86Wh3dKCxrQqUcVMxwU54orwlJjOpO3ao8L7j5lH+dWfTwgCwIuM9GQ2kvVotzYJMXTBZg==

vite@^4.0.0:
  version "4.0.4"
  resolved "https://registry.npmmirror.com/vite/-/vite-4.0.4.tgz"
  integrity sha512-xevPU7M8FU0i/80DMR+YhgrzR5KS2ORy1B4xcX/cXLsvnUWvfHuqMmVU6N0YiJ4JWGRJJsLCgjEzKjG9/GKoSw==
  dependencies:
    esbuild "^0.16.3"
    postcss "^8.4.20"
    resolve "^1.22.1"
    rollup "^3.7.0"
  optionalDependencies:
    fsevents "~2.3.2"

vue-router@^4.1.6:
  version "4.1.6"
  resolved "https://registry.npmmirror.com/vue-router/-/vue-router-4.1.6.tgz"
  integrity sha512-DYWYwsG6xNPmLq/FmZn8Ip+qrhFEzA14EI12MsMgVxvHFDYvlr4NXpVF5hrRH1wVcDP8fGi5F4rxuJSl8/r+EQ==
  dependencies:
    "@vue/devtools-api" "^6.4.5"

vue-template-compiler@^2.7.14:
  version "2.7.14"
  resolved "https://registry.npmmirror.com/vue-template-compiler/-/vue-template-compiler-2.7.14.tgz"
  integrity sha512-zyA5Y3ArvVG0NacJDkkzJuPQDF8RFeRlzV2vLeSnhSpieO6LK2OVbdLPi5MPPs09Ii+gMO8nY4S3iKQxBxDmWQ==
  dependencies:
    de-indent "^1.0.2"
    he "^1.2.0"

vue-tsc@^1.0.11:
  version "1.0.20"
  resolved "https://registry.npmmirror.com/vue-tsc/-/vue-tsc-1.0.20.tgz"
  integrity sha512-AApewYXozAD7v4Iz9I0QzQebSVgvlUvpfbGe2e9TwtBdcw5gBsGiX8Oj5BdxRRiGnOdDG3BHPK8msl7Qhmy/1A==
  dependencies:
    "@volar/vue-language-core" "1.0.20"
    "@volar/vue-typescript" "1.0.20"

vue-types@^3.0.0:
  version "3.0.2"
  resolved "https://registry.npmjs.org/vue-types/-/vue-types-3.0.2.tgz"
  integrity sha512-IwUC0Aq2zwaXqy74h4WCvFCUtoV0iSWr0snWnE9TnU18S66GAQyqQbRf2qfJtUuiFsBf6qp0MEwdonlwznlcrw==
  dependencies:
    is-plain-object "3.0.1"

vue@^3.2.45:
  version "3.2.45"
  resolved "https://registry.npmmirror.com/vue/-/vue-3.2.45.tgz"
  integrity sha512-9Nx/Mg2b2xWlXykmCwiTUCWHbWIj53bnkizBxKai1g61f2Xit700A1ljowpTIM11e3uipOeiPcSqnmBg6gyiaA==
  dependencies:
    "@vue/compiler-dom" "3.2.45"
    "@vue/compiler-sfc" "3.2.45"
    "@vue/runtime-dom" "3.2.45"
    "@vue/server-renderer" "3.2.45"
    "@vue/shared" "3.2.45"

warning@^4.0.0:
  version "4.0.3"
  resolved "https://registry.npmjs.org/warning/-/warning-4.0.3.tgz"
  integrity sha512-rpJyN222KWIvHJ/F53XSZv0Zl/accqHR8et1kpaMTD/fLCRxtV8iX8czMzY7sVZupTI3zcUTg8eycS2kNF9l6w==
  dependencies:
    loose-envify "^1.0.0"
